{
  "name": "crdt-sql",
  "lockfileVersion": 3,
  "requires": true,
  "packages": {
    "": {
      "dependencies": {
        "@bufbuild/protobuf": "^1.6.0",
        "@connectrpc/connect-query": "^1.0.0"
      }
    },
    "node_modules/@bufbuild/protobuf": {
      "version": "1.6.0",
      "resolved": "https://registry.npmjs.org/@bufbuild/protobuf/-/protobuf-1.6.0.tgz",
      "integrity": "sha512-hp19vSFgNw3wBBcVBx5qo5pufCqjaJ0Cfk5H/pfjNOfNWU+4/w0QVOmfAOZNRrNWRrVuaJWxcN8P2vhOkkzbBQ=="
    },
    "node_modules/@connectrpc/connect": {
      "version": "1.1.4",
      "resolved": "https://registry.npmjs.org/@connectrpc/connect/-/connect-1.1.4.tgz",
      "integrity": "sha512-kFiOi3jsEyOuL4gGW55LgNCqQBNA0Z/GLXrfeJO4r6pI/f8L9rqnjrFZTCeyrvzu1TuqEtL51cR+c46KMCposw==",
      "peer": true,
      "peerDependencies": {
        "@bufbuild/protobuf": "^1.4.2"
      }
    },
    "node_modules/@connectrpc/connect-query": {
      "version": "1.0.0",
      "resolved": "https://registry.npmjs.org/@connectrpc/connect-query/-/connect-query-1.0.0.tgz",
      "integrity": "sha512-fcl0jnpboWfTC34IKUu46Yc+jwOFX3RMTzp4Fvh52uWuOKSlw5tRZp6R2YKr/OupF/YYqNuLs0MC7D0VprZQTA==",
      "dependencies": {
        "stable-hash": "^0.0.3"
      },
      "peerDependencies": {
        "@bufbuild/protobuf": "^1.3.3",
        "@connectrpc/connect": "^1.1.2",
        "@tanstack/react-query": "^5.4.3",
        "react": "^18.2.0",
        "react-dom": "^18.2.0"
      }
    },
    "node_modules/@tanstack/query-core": {
      "version": "5.13.4",
      "resolved": "https://registry.npmjs.org/@tanstack/query-core/-/query-core-5.13.4.tgz",
      "integrity": "sha512-8+rJucXvC/xlr4OrxHhEIob/cTlbT4fgmz1VsvB0D12FRStKaXeLORNGcOhSAynRd2NL74SV/Qq0IIb4DedLcA==",
      "peer": true,
      "funding": {
        "type": "github",
        "url": "https://github.com/sponsors/tannerlinsley"
      }
    },
    "node_modules/@tanstack/react-query": {
      "version": "5.13.4",
      "resolved": "https://registry.npmjs.org/@tanstack/react-query/-/react-query-5.13.4.tgz",
      "integrity": "sha512-3HjvkFFriEQwffUXtKHPiwkfFXUGbs46YATTzzyK1+Pw6Ekd3kwzS50e45qdamWuEXmXxyo5S1zp534LdFG0Rw==",
      "peer": true,
      "dependencies": {
        "@tanstack/query-core": "5.13.4"
      },
      "funding": {
        "type": "github",
        "url": "https://github.com/sponsors/tannerlinsley"
      },
      "peerDependencies": {
        "react": "^18.0.0"
      }
    },
    "node_modules/js-tokens": {
      "version": "4.0.0",
      "resolved": "https://registry.npmjs.org/js-tokens/-/js-tokens-4.0.0.tgz",
      "integrity": "sha512-RdJUflcE3cUzKiMqQgsCu06FPu9UdIJO0beYbPhHN4k6apgJtifcoCtT9bcxOpYBtpD2kCM6Sbzg4CausW/PKQ==",
      "peer": true
    },
    "node_modules/loose-envify": {
      "version": "1.4.0",
      "resolved": "https://registry.npmjs.org/loose-envify/-/loose-envify-1.4.0.tgz",
      "integrity": "sha512-lyuxPGr/Wfhrlem2CL/UcnUc1zcqKAImBDzukY7Y5F/yQiNdko6+fRLevlw1HgMySw7f611UIY408EtxRSoK3Q==",
      "peer": true,
      "dependencies": {
        "js-tokens": "^3.0.0 || ^4.0.0"
      },
      "bin": {
        "loose-envify": "cli.js"
      }
    },
    "node_modules/react": {
      "version": "18.2.0",
      "resolved": "https://registry.npmjs.org/react/-/react-18.2.0.tgz",
      "integrity": "sha512-/3IjMdb2L9QbBdWiW5e3P2/npwMBaU9mHCSCUzNln0ZCYbcfTsGbTJrU/kGemdH2IWmB2ioZ+zkxtmq6g09fGQ==",
      "peer": true,
      "dependencies": {
        "loose-envify": "^1.1.0"
      },
      "engines": {
        "node": ">=0.10.0"
      }
    },
    "node_modules/react-dom": {
      "version": "18.2.0",
      "resolved": "https://registry.npmjs.org/react-dom/-/react-dom-18.2.0.tgz",
      "integrity": "sha512-6IMTriUmvsjHUjNtEDudZfuDQUoWXVxKHhlEGSk81n4YFS+r/Kl99wXiwlVXtPBtJenozv2P+hxDsw9eA7Xo6g==",
      "peer": true,
      "dependencies": {
        "loose-envify": "^1.1.0",
        "scheduler": "^0.23.0"
      },
      "peerDependencies": {
        "react": "^18.2.0"
      }
    },
    "node_modules/scheduler": {
      "version": "0.23.0",
      "resolved": "https://registry.npmjs.org/scheduler/-/scheduler-0.23.0.tgz",
      "integrity": "sha512-CtuThmgHNg7zIZWAXi3AsyIzA3n4xx7aNyjwC2VJldO2LMVDhFK+63xGqq6CsJH4rTAt6/M+N4GhZiDYPx9eUw==",
      "peer": true,
      "dependencies": {
        "loose-envify": "^1.1.0"
      }
    },
    "node_modules/stable-hash": {
      "version": "0.0.3",
      "resolved": "https://registry.npmjs.org/stable-hash/-/stable-hash-0.0.3.tgz",
      "integrity": "sha512-c63fvNCQ7ip1wBfPv54MflMA5L6OE5J0p6Fg13IpKft4JAFoNal8+s/jtJ8PibrwqXm4onnbeQsADs8k0NQGUA=="
    }
  }
}
